// !$*UTF8*$!
{
	archiveVersion = 1;
	classes = {
	};
	objectVersion = 50;
	objects = {

/* Begin PBXBuildFile section */
		FA27A7C821FA050C00E7CDDD /* AppDelegate.swift in Sources */ = {isa = PBXBuildFile; fileRef = FA27A7C721FA050C00E7CDDD /* AppDelegate.swift */; };
		FA27A7CA21FA050C00E7CDDD /* ViewController.swift in Sources */ = {isa = PBXBuildFile; fileRef = FA27A7C921FA050C00E7CDDD /* ViewController.swift */; };
		FA27A7CD21FA050C00E7CDDD /* Main.storyboard in Resources */ = {isa = PBXBuildFile; fileRef = FA27A7CB21FA050C00E7CDDD /* Main.storyboard */; };
		FA27A7CF21FA050E00E7CDDD /* Assets.xcassets in Resources */ = {isa = PBXBuildFile; fileRef = FA27A7CE21FA050E00E7CDDD /* Assets.xcassets */; };
		FA27A7D221FA050E00E7CDDD /* LaunchScreen.storyboard in Resources */ = {isa = PBXBuildFile; fileRef = FA27A7D021FA050E00E7CDDD /* LaunchScreen.storyboard */; };
		FA27A7DA21FA053000E7CDDD /* data.swift in Sources */ = {isa = PBXBuildFile; fileRef = FA27A7D921FA053000E7CDDD /* data.swift */; };
		FA27A7DE21FA08D700E7CDDD /* ViewController2.swift in Sources */ = {isa = PBXBuildFile; fileRef = FA27A7DD21FA08D700E7CDDD /* ViewController2.swift */; };
/* End PBXBuildFile section */

/* Begin PBXFileReference section */
		FA27A7C421FA050C00E7CDDD /* UV.app */ = {isa = PBXFileReference; explicitFileType = wrapper.application; includeInIndex = 0; path = UV.app; sourceTree = BUILT_PRODUCTS_DIR; };
		FA27A7C721FA050C00E7CDDD /* AppDelegate.swift */ = {isa = PBXFileReference; lastKnownFileType = sourcecode.swift; path = AppDelegate.swift; sourceTree = "<group>"; };
		FA27A7C921FA050C00E7CDDD /* ViewController.swift */ = {isa = PBXFileReference; lastKnownFileType = sourcecode.swift; path = ViewController.swift; sourceTree = "<group>"; };
		FA27A7CC21FA050C00E7CDDD /* Base */ = {isa = PBXFileReference; lastKnownFileType = file.storyboard; name = Base; path = Base.lproj/Main.storyboard; sourceTree = "<group>"; };
		FA27A7CE21FA050E00E7CDDD /* Assets.xcassets */ = {isa = PBXFileReference; lastKnownFileType = folder.assetcatalog; path = Assets.xcassets; sourceTree = "<group>"; };
		FA27A7D121FA050E00E7CDDD /* Base */ = {isa = PBXFileReference; lastKnownFileType = file.storyboard; name = Base; path = Base.lproj/LaunchScreen.storyboard; sourceTree = "<group>"; };
		FA27A7D321FA050E00E7CDDD /* Info.plist */ = {isa = PBXFileReference; lastKnownFileType = text.plist.xml; path = Info.plist; sourceTree = "<group>"; };
		FA27A7D921FA053000E7CDDD /* data.swift */ = {isa = PBXFileReference; lastKnownFileType = sourcecode.swift; path = data.swift; sourceTree = "<group>"; };
		FA27A7DD21FA08D700E7CDDD /* ViewController2.swift */ = {isa = PBXFileReference; lastKnownFileType = sourcecode.swift; path = ViewController2.swift; sourceTree = "<group>"; };
/* End PBXFileReference section */

/* Begin PBXFrameworksBuildPhase section */
		FA27A7C121FA050C00E7CDDD /* Frameworks */ = {
			isa = PBXFrameworksBuildPhase;
			buildActionMask = 2147483647;
			files = (
			);
			runOnlyForDeploymentPostprocessing = 0;
		};
/* End PBXFrameworksBuildPhase section */

/* Begin PBXGroup section */
		FA27A7BB21FA050C00E7CDDD = {
			isa = PBXGroup;
			children = (
				FA27A7C621FA050C00E7CDDD /* UV */,
				FA27A7C521FA050C00E7CDDD /* Products */,
			);
			sourceTree = "<group>";
		};
		FA27A7C521FA050C00E7CDDD /* Products */ = {
			isa = PBXGroup;
			children = (
				FA27A7C421FA050C00E7CDDD /* UV.app */,
			);
			name = Products;
			sourceTree = "<group>";
		};
		FA27A7C621FA050C00E7CDDD /* UV */ = {
			isa = PBXGroup;
			children = (
				FA27A7C721FA050C00E7CDDD /* AppDelegate.swift */,
				FA27A7C921FA050C00E7CDDD /* ViewController.swift */,
				FA27A7CB21FA050C00E7CDDD /* Main.storyboard */,
				FA27A7CE21FA050E00E7CDDD /* Assets.xcassets */,
				FA27A7D021FA050E00E7CDDD /* LaunchScreen.storyboard */,
				FA27A7D321FA050E00E7CDDD /* Info.plist */,
				FA27A7D921FA053000E7CDDD /* data.swift */,
				FA27A7DD21FA08D700E7CDDD /* ViewController2.swift */,
			);
			path = UV;
			sourceTree = "<group>";
		};
/* End PBXGroup section */

/* Begin PBXNativeTarget section */
		FA27A7C321FA050C00E7CDDD /* UV */ = {
			isa = PBXNativeTarget;
			buildConfigurationList = FA27A7D621FA050E00E7CDDD /* Build configuration list for PBXNativeTarget "UV" */;
			buildPhases = (
				FA27A7C021FA050C00E7CDDD /* Sources */,
				FA27A7C121FA050C00E7CDDD /* Frameworks */,
				FA27A7C221FA050C00E7CDDD /* Resources */,
			);
			buildRules = (
			);
			dependencies = (
			);
			name = UV;
			productName = UV;
			productReference = FA27A7C421FA050C00E7CDDD /* UV.app */;
			productType = "com.apple.product-type.application";
		};
/* End PBXNativeTarget section */

/* Begin PBXProject section */
		FA27A7BC21FA050C00E7CDDD /* Project object */ = {
			isa = PBXProject;
			attributes = {
				LastSwiftUpdateCheck = 1000;
				LastUpgradeCheck = 1000;
				ORGANIZATIONNAME = "Linsey Briley";
				TargetAttributes = {
					FA27A7C321FA050C00E7CDDD = {
						CreatedOnToolsVersion = 10.0;
					};
				};
			};
			buildConfigurationList = FA27A7BF21FA050C00E7CDDD /* Build configuration list for PBXProject "UV" */;
			compatibilityVersion = "Xcode 9.3";
			developmentRegion = en;
			hasScannedForEncodings = 0;
			knownRegions = (
				en,
				Base,
			);
			mainGroup = FA27A7BB21FA050C00E7CDDD;
			productRefGroup = FA27A7C521FA050C00E7CDDD /* Products */;
			projectDirPath = "";
			projectRoot = "";
			targets = (
				FA27A7C321FA050C00E7CDDD /* UV */,
			);
		};
/* End PBXProject section */

/* Begin PBXResourcesBuildPhase section */
		FA27A7C221FA050C00E7CDDD /* Resources */ = {
			isa = PBXResourcesBuildPhase;
			buildActionMask = 2147483647;
			files = (
				FA27A7D221FA050E00E7CDDD /* LaunchScreen.storyboard in Resources */,
				FA27A7CF21FA050E00E7CDDD /* Assets.xcassets in Resources */,
				FA27A7CD21FA050C00E7CDDD /* Main.storyboard in Resources */,
			);
			runOnlyForDeploymentPostprocessing = 0;
		};
/* End PBXResourcesBuildPhase section */

/* Begin PBXSourcesBuildPhase section */
		FA27A7C021FA050C00E7CDDD /* Sources */ = {
			isa = PBXSourcesBuildPhase;
			buildActionMask = 2147483647;
			files = (
				FA27A7CA21FA050C00E7CDDD /* ViewController.swift in Sources */,
				FA27A7DA21FA053000E7CDDD /* data.swift in Sources */,
				FA27A7DE21FA08D700E7CDDD /* ViewController2.swift in Sources */,
				FA27A7C821FA050C00E7CDDD /* AppDelegate.swift in Sources */,
			);
			runOnlyForDeploymentPostprocessing = 0;
		};
/* End PBXSourcesBuildPhase section */

/* Begin PBXVariantGroup section */
		FA27A7CB21FA050C00E7CDDD /* Main.storyboard */ = {
			isa = PBXVariantGroup;
			children = (
				FA27A7CC21FA050C00E7CDDD /* Base */,
			);
			name = Main.storyboard;
			sourceTree = "<group>";
		};
		FA27A7D021FA050E00E7CDDD /* LaunchScreen.storyboard */ = {
			isa = PBXVariantGroup;
			children = (
				FA27A7D121FA050E00E7CDDD /* Base */,
			);
			name = LaunchScreen.storyboard;
			sourceTree = "<group>";
		};
/* End PBXVariantGroup section */

/* Begin XCBuildConfiguration section */
		FA27A7D421FA050E00E7CDDD /* Debug */ = {
			isa = XCBuildConfiguration;
			buildSettings = {
				ALWAYS_SEARCH_USER_PATHS = NO;
				CLANG_ANALYZER_NONNULL = YES;
				CLANG_ANALYZER_NUMBER_OBJECT_CONVERSION = YES_AGGRESSIVE;
				CLANG_CXX_LANGUAGE_STANDARD = "gnu++14";
				CLANG_CXX_LIBRARY = "libc++";
				CLANG_ENABLE_MODULES = YES;
				CLANG_ENABLE_OBJC_ARC = YES;
				CLANG_ENABLE_OBJC_WEAK = YES;
				CLANG_WARN_BLOCK_CAPTURE_AUTORELEASING = YES;
				CLANG_WARN_BOOL_CONVERSION = YES;
				CLANG_WARN_COMMA = YES;
				CLANG_WARN_CONSTANT_CONVERSION = YES;
				CLANG_WARN_DEPRECATED_OBJC_IMPLEMENTATIONS = YES;
				CLANG_WARN_DIRECT_OBJC_ISA_USAGE = YES_ERROR;
				CLANG_WARN_DOCUMENTATION_COMMENTS = YES;
				CLANG_WARN_EMPTY_BODY = YES;
				CLANG_WARN_ENUM_CONVERSION = YES;
				CLANG_WARN_INFINITE_RECURSION = YES;
				CLANG_WARN_INT_CONVERSION = YES;
				CLANG_WARN_NON_LITERAL_NULL_CONVERSION = YES;
				CLANG_WARN_OBJC_IMPLICIT_RETAIN_SELF = YES;
				CLANG_WARN_OBJC_LITERAL_CONVERSION = YES;
				CLANG_WARN_OBJC_ROOT_CLASS = YES_ERROR;
				CLANG_WARN_RANGE_LOOP_ANALYSIS = YES;
				CLANG_WARN_STRICT_PROTOTYPES = YES;
				CLANG_WARN_SUSPICIOUS_MOVE = YES;
				CLANG_WARN_UNGUARDED_AVAILABILITY = YES_AGGRESSIVE;
				CLANG_WARN_UNREACHABLE_CODE = YES;
				CLANG_WARN__DUPLICATE_METHOD_MATCH = YES;
				CODE_SIGN_IDENTITY = "iPhone Developer";
				COPY_PHASE_STRIP = NO;
				DEBUG_INFORMATION_FORMAT = dwarf;
				ENABLE_STRICT_OBJC_MSGSEND = YES;
				ENABLE_TESTABILITY = YES;
				GCC_C_LANGUAGE_STANDARD = gnu11;
				GCC_DYNAMIC_NO_PIC = NO;
				GCC_NO_COMMON_BLOCKS = YES;
				GCC_OPTIMIZATION_LEVEL = 0;
				GCC_PREPROCESSOR_DEFINITIONS = (
					"DEBUG=1",
					"$(inherited)",
				);
				GCC_WARN_64_TO_32_BIT_CONVERSION = YES;
				GCC_WARN_ABOUT_RETURN_TYPE = YES_ERROR;
				GCC_WARN_UNDECLARED_SELECTOR = YES;
				GCC_WARN_UNINITIALIZED_AUTOS = YES_AGGRESSIVE;
				GCC_WARN_UNUSED_FUNCTION = YES;
				GCC_WARN_UNUSED_VARIABLE = YES;
				IPHONEOS_DEPLOYMENT_TARGET = 12.0;
				MTL_ENABLE_DEBUG_INFO = INCLUDE_SOURCE;
				MTL_FAST_MATH = YES;
				ONLY_ACTIVE_ARCH = YES;
				SDKROOT = iphoneos;
				SWIFT_ACTIVE_COMPILATION_CONDITIONS = DEBUG;
				SWIFT_OPTIMIZATION_LEVEL = "-Onone";
			};
			name = Debug;
		};
		FA27A7D521FA050E00E7CDDD /* Release */ = {
			isa = XCBuildConfiguration;
			buildSettings = {
				ALWAYS_SEARCH_USER_PATHS = NO;
				CLANG_ANALYZER_NONNULL = YES;
				CLANG_ANALYZER_NUMBER_OBJECT_CONVERSION = YES_AGGRESSIVE;
				CLANG_CXX_LANGUAGE_STANDARD = "gnu++14";
				CLANG_CXX_LIBRARY = "libc++";
				CLANG_ENABLE_MODULES = YES;
				CLANG_ENABLE_OBJC_ARC = YES;
				CLANG_ENABLE_OBJC_WEAK = YES;
				CLANG_WARN_BLOCK_CAPTURE_AUTORELEASING = YES;
				CLANG_WARN_BOOL_CONVERSION = YES;
				CLANG_WARN_COMMA = YES;
				CLANG_WARN_CONSTANT_CONVERSION = YES;
				CLANG_WARN_DEPRECATED_OBJC_IMPLEMENTATIONS = YES;
				CLANG_WARN_DIRECT_OBJC_ISA_USAGE = YES_ERROR;
				CLANG_WARN_DOCUMENTATION_COMMENTS = YES;
				CLANG_WARN_EMPTY_BODY = YES;
				CLANG_WARN_ENUM_CONVERSION = YES;
				CLANG_WARN_INFINITE_RECURSION = YES;
				CLANG_WARN_INT_CONVERSION = YES;
				CLANG_WARN_NON_LITERAL_NULL_CONVERSION = YES;
				CLANG_WARN_OBJC_IMPLICIT_RETAIN_SELF = YES;
				CLANG_WARN_OBJC_LITERAL_CONVERSION = YES;
				CLANG_WARN_OBJC_ROOT_CLASS = YES_ERROR;
				CLANG_WARN_RANGE_LOOP_ANALYSIS = YES;
				CLANG_WARN_STRICT_PROTOTYPES = YES;
				CLANG_WARN_SUSPICIOUS_MOVE = YES;
				CLANG_WARN_UNGUARDED_AVAILABILITY = YES_AGGRESSIVE;
				CLANG_WARN_UNREACHABLE_CODE = YES;
				CLANG_WARN__DUPLICATE_METHOD_MATCH = YES;
				CODE_SIGN_IDENTITY = "iPhone Developer";
				COPY_PHASE_STRIP = NO;
				DEBUG_INFORMATION_FORMAT = "dwarf-with-dsym";
				ENABLE_NS_ASSERTIONS = NO;
				ENABLE_STRICT_OBJC_MSGSEND = YES;
				GCC_C_LANGUAGE_STANDARD = gnu11;
				GCC_NO_COMMON_BLOCKS = YES;
				GCC_WARN_64_TO_32_BIT_CONVERSION = YES;
				GCC_WARN_ABOUT_RETURN_TYPE = YES_ERROR;
				GCC_WARN_UNDECLARED_SELECTOR = YES;
				GCC_WARN_UNINITIALIZED_AUTOS = YES_AGGRESSIVE;
				GCC_WARN_UNUSED_FUNCTION = YES;
				GCC_WARN_UNUSED_VARIABLE = YES;
				IPHONEOS_DEPLOYMENT_TARGET = 12.0;
				MTL_ENABLE_DEBUG_INFO = NO;
				MTL_FAST_MATH = YES;
				SDKROOT = iphoneos;
				SWIFT_COMPILATION_MODE = wholemodule;
				SWIFT_OPTIMIZATION_LEVEL = "-O";
				VALIDATE_PRODUCT = YES;
			};
			name = Release;
		};
		FA27A7D721FA050E00E7CDDD /* Debug */ = {
			isa = XCBuildConfiguration;
			buildSettings = {
				ASSETCATALOG_COMPILER_APPICON_NAME = AppIcon;
				CODE_SIGN_STYLE = Automatic;
				INFOPLIST_FILE = UV/Info.plist;
				LD_RUNPATH_SEARCH_PATHS = (
					"$(inherited)",
					"@executable_path/Frameworks",
				);
				PRODUCT_BUNDLE_IDENTIFIER = com.uga.UV;
				PRODUCT_NAME = "$(TARGET_NAME)";
				SWIFT_VERSION = 4.2;
				TARGETED_DEVICE_FAMILY = "1,2";
			};
			name = Debug;
		};
		FA27A7D821FA050E00E7CDDD /* Release */ = {
			isa = XCBuildConfiguration;
			buildSettings = {
				ASSETCATALOG_COMPILER_APPICON_NAME = AppIcon;
				CODE_SIGN_STYLE = Automatic;
				INFOPLIST_FILE = UV/Info.plist;
				LD_RUNPATH_SEARCH_PATHS = (
					"$(inherited)",
					"@executable_path/Frameworks",
				);
				PRODUCT_BUNDLE_IDENTIFIER = com.uga.UV;
				PRODUCT_NAME = "$(TARGET_NAME)";
				SWIFT_VERSION = 4.2;
				TARGETED_DEVICE_FAMILY = "1,2";
			};
			name = Release;
		};
/* End XCBuildConfiguration section */

/* Begin XCConfigurationList section */
		FA27A7BF21FA050C00E7CDDD /* Build configuration list for PBXProject "UV" */ = {
			isa = XCConfigurationList;
			buildConfigurations = (
				FA27A7D421FA050E00E7CDDD /* Debug */,
				FA27A7D521FA050E00E7CDDD /* Release */,
			);
			defaultConfigurationIsVisible = 0;
			defaultConfigurationName = Release;
		};
		FA27A7D621FA050E00E7CDDD /* Build configuration list for PBXNativeTarget "UV" */ = {
			isa = XCConfigurationList;
			buildConfigurations = (
				FA27A7D721FA050E00E7CDDD /* Debug */,
				FA27A7D821FA050E00E7CDDD /* Release */,
			);
			defaultConfigurationIsVisible = 0;
			defaultConfigurationName = Release;
		};
/* End XCConfigurationList section */
	};
	rootObject = FA27A7BC21FA050C00E7CDDD /* Project object */;
}
